
Microsoft Visual Studio Solution File, Format Version 12.00
# Visual Studio Version 16
VisualStudioVersion = 16.0.29926.136
MinimumVisualStudioVersion = 10.0.40219.1
Project("{FAE04EC0-301F-11D3-BF4B-00C04F79EFBC}") = "Questao6", "Questao6.csproj", "{9931DE81-1193-4CB6-A9F2-6264A65C033A}"
EndProject
Global
	GlobalSection(SolutionConfigurationPlatforms) = preSolution
		Debug|Any CPU = Debug|Any CPU
		Release|Any CPU = Release|Any CPU
	EndGlobalSection
	GlobalSection(ProjectConfigurationPlatforms) = postSolution
		{9931DE81-1193-4CB6-A9F2-6264A65C033A}.Debug|Any CPU.ActiveCfg = Debug|Any CPU
		{9931DE81-1193-4CB6-A9F2-6264A65C033A}.Debug|Any CPU.Build.0 = Debug|Any CPU
		{9931DE81-1193-4CB6-A9F2-6264A65C033A}.Release|Any CPU.ActiveCfg = Release|Any CPU
		{9931DE81-1193-4CB6-A9F2-6264A65C033A}.Release|Any CPU.Build.0 = Release|Any CPU
	EndGlobalSection
	GlobalSection(SolutionProperties) = preSolution
		HideSolutionNode = FALSE
	EndGlobalSection
	GlobalSection(ExtensibilityGlobals) = postSolution
		SolutionGuid = {8F086FD4-65A9-46B9-AF04-1B23F33C72B1}
	EndGlobalSection
EndGlobal
