
Microsoft Visual Studio Solution File, Format Version 12.00
# Visual Studio Version 16
VisualStudioVersion = 16.0.29806.167
MinimumVisualStudioVersion = 10.0.40219.1
Project("{FAE04EC0-301F-11D3-BF4B-00C04F79EFBC}") = "exercicio05", "exercicio05\exercicio05.csproj", "{3D6A6699-A9CA-4D75-A4E3-6FFE97DEBD0F}"
EndProject
Global
	GlobalSection(SolutionConfigurationPlatforms) = preSolution
		Debug|Any CPU = Debug|Any CPU
		Release|Any CPU = Release|Any CPU
	EndGlobalSection
	GlobalSection(ProjectConfigurationPlatforms) = postSolution
		{3D6A6699-A9CA-4D75-A4E3-6FFE97DEBD0F}.Debug|Any CPU.ActiveCfg = Debug|Any CPU
		{3D6A6699-A9CA-4D75-A4E3-6FFE97DEBD0F}.Debug|Any CPU.Build.0 = Debug|Any CPU
		{3D6A6699-A9CA-4D75-A4E3-6FFE97DEBD0F}.Release|Any CPU.ActiveCfg = Release|Any CPU
		{3D6A6699-A9CA-4D75-A4E3-6FFE97DEBD0F}.Release|Any CPU.Build.0 = Release|Any CPU
	EndGlobalSection
	GlobalSection(SolutionProperties) = preSolution
		HideSolutionNode = FALSE
	EndGlobalSection
	GlobalSection(ExtensibilityGlobals) = postSolution
		SolutionGuid = {08055CDC-EBC8-446B-9BF6-71B3422A95AE}
	EndGlobalSection
EndGlobal
