
Microsoft Visual Studio Solution File, Format Version 12.00
# Visual Studio Version 16
VisualStudioVersion = 16.0.29926.136
MinimumVisualStudioVersion = 10.0.40219.1
Project("{FAE04EC0-301F-11D3-BF4B-00C04F79EFBC}") = "Questao2", "Questao2.csproj", "{9CF9572F-A74B-408A-BA89-B3AF3FDFEA71}"
EndProject
Global
	GlobalSection(SolutionConfigurationPlatforms) = preSolution
		Debug|Any CPU = Debug|Any CPU
		Release|Any CPU = Release|Any CPU
	EndGlobalSection
	GlobalSection(ProjectConfigurationPlatforms) = postSolution
		{9CF9572F-A74B-408A-BA89-B3AF3FDFEA71}.Debug|Any CPU.ActiveCfg = Debug|Any CPU
		{9CF9572F-A74B-408A-BA89-B3AF3FDFEA71}.Debug|Any CPU.Build.0 = Debug|Any CPU
		{9CF9572F-A74B-408A-BA89-B3AF3FDFEA71}.Release|Any CPU.ActiveCfg = Release|Any CPU
		{9CF9572F-A74B-408A-BA89-B3AF3FDFEA71}.Release|Any CPU.Build.0 = Release|Any CPU
	EndGlobalSection
	GlobalSection(SolutionProperties) = preSolution
		HideSolutionNode = FALSE
	EndGlobalSection
	GlobalSection(ExtensibilityGlobals) = postSolution
		SolutionGuid = {C34B1787-3061-468E-8998-9FDF984DAF44}
	EndGlobalSection
EndGlobal
