
Microsoft Visual Studio Solution File, Format Version 12.00
# Visual Studio Version 16
VisualStudioVersion = 16.0.29926.136
MinimumVisualStudioVersion = 10.0.40219.1
Project("{FAE04EC0-301F-11D3-BF4B-00C04F79EFBC}") = "Questao2", "Questao2.csproj", "{64E539A9-BE33-4968-9DD1-2D7BA6D246CE}"
EndProject
Global
	GlobalSection(SolutionConfigurationPlatforms) = preSolution
		Debug|Any CPU = Debug|Any CPU
		Release|Any CPU = Release|Any CPU
	EndGlobalSection
	GlobalSection(ProjectConfigurationPlatforms) = postSolution
		{64E539A9-BE33-4968-9DD1-2D7BA6D246CE}.Debug|Any CPU.ActiveCfg = Debug|Any CPU
		{64E539A9-BE33-4968-9DD1-2D7BA6D246CE}.Debug|Any CPU.Build.0 = Debug|Any CPU
		{64E539A9-BE33-4968-9DD1-2D7BA6D246CE}.Release|Any CPU.ActiveCfg = Release|Any CPU
		{64E539A9-BE33-4968-9DD1-2D7BA6D246CE}.Release|Any CPU.Build.0 = Release|Any CPU
	EndGlobalSection
	GlobalSection(SolutionProperties) = preSolution
		HideSolutionNode = FALSE
	EndGlobalSection
	GlobalSection(ExtensibilityGlobals) = postSolution
		SolutionGuid = {7E29E216-7345-4085-8F1D-4D580DDECB33}
	EndGlobalSection
EndGlobal
