
Microsoft Visual Studio Solution File, Format Version 12.00
# Visual Studio Version 16
VisualStudioVersion = 16.0.29926.136
MinimumVisualStudioVersion = 10.0.40219.1
Project("{FAE04EC0-301F-11D3-BF4B-00C04F79EFBC}") = "Questao4", "Questao4.csproj", "{0F6BAB72-5493-42B3-9EE7-2F8E7C6AF4C9}"
EndProject
Global
	GlobalSection(SolutionConfigurationPlatforms) = preSolution
		Debug|Any CPU = Debug|Any CPU
		Release|Any CPU = Release|Any CPU
	EndGlobalSection
	GlobalSection(ProjectConfigurationPlatforms) = postSolution
		{0F6BAB72-5493-42B3-9EE7-2F8E7C6AF4C9}.Debug|Any CPU.ActiveCfg = Debug|Any CPU
		{0F6BAB72-5493-42B3-9EE7-2F8E7C6AF4C9}.Debug|Any CPU.Build.0 = Debug|Any CPU
		{0F6BAB72-5493-42B3-9EE7-2F8E7C6AF4C9}.Release|Any CPU.ActiveCfg = Release|Any CPU
		{0F6BAB72-5493-42B3-9EE7-2F8E7C6AF4C9}.Release|Any CPU.Build.0 = Release|Any CPU
	EndGlobalSection
	GlobalSection(SolutionProperties) = preSolution
		HideSolutionNode = FALSE
	EndGlobalSection
	GlobalSection(ExtensibilityGlobals) = postSolution
		SolutionGuid = {33A61A8C-6ECB-4D46-98B0-76F5C857F4EC}
	EndGlobalSection
EndGlobal
