
Microsoft Visual Studio Solution File, Format Version 12.00
# Visual Studio Version 16
VisualStudioVersion = 16.0.29926.136
MinimumVisualStudioVersion = 10.0.40219.1
Project("{FAE04EC0-301F-11D3-BF4B-00C04F79EFBC}") = "ConsoleApp1", "ConsoleApp1\ConsoleApp1.csproj", "{21D6D0D3-1FDA-4728-B2E9-4171EB0D26D7}"
EndProject
Global
	GlobalSection(SolutionConfigurationPlatforms) = preSolution
		Debug|Any CPU = Debug|Any CPU
		Release|Any CPU = Release|Any CPU
	EndGlobalSection
	GlobalSection(ProjectConfigurationPlatforms) = postSolution
		{21D6D0D3-1FDA-4728-B2E9-4171EB0D26D7}.Debug|Any CPU.ActiveCfg = Debug|Any CPU
		{21D6D0D3-1FDA-4728-B2E9-4171EB0D26D7}.Debug|Any CPU.Build.0 = Debug|Any CPU
		{21D6D0D3-1FDA-4728-B2E9-4171EB0D26D7}.Release|Any CPU.ActiveCfg = Release|Any CPU
		{21D6D0D3-1FDA-4728-B2E9-4171EB0D26D7}.Release|Any CPU.Build.0 = Release|Any CPU
	EndGlobalSection
	GlobalSection(SolutionProperties) = preSolution
		HideSolutionNode = FALSE
	EndGlobalSection
	GlobalSection(ExtensibilityGlobals) = postSolution
		SolutionGuid = {15C33982-2327-4B50-96EC-0E7CF3DD0102}
	EndGlobalSection
EndGlobal
