
Microsoft Visual Studio Solution File, Format Version 12.00
# Visual Studio Version 16
VisualStudioVersion = 16.0.29926.136
MinimumVisualStudioVersion = 10.0.40219.1
Project("{FAE04EC0-301F-11D3-BF4B-00C04F79EFBC}") = "Questao3", "Questao3.csproj", "{309926DC-053F-46DD-9CA4-0FE86D551146}"
EndProject
Global
	GlobalSection(SolutionConfigurationPlatforms) = preSolution
		Debug|Any CPU = Debug|Any CPU
		Release|Any CPU = Release|Any CPU
	EndGlobalSection
	GlobalSection(ProjectConfigurationPlatforms) = postSolution
		{309926DC-053F-46DD-9CA4-0FE86D551146}.Debug|Any CPU.ActiveCfg = Debug|Any CPU
		{309926DC-053F-46DD-9CA4-0FE86D551146}.Debug|Any CPU.Build.0 = Debug|Any CPU
		{309926DC-053F-46DD-9CA4-0FE86D551146}.Release|Any CPU.ActiveCfg = Release|Any CPU
		{309926DC-053F-46DD-9CA4-0FE86D551146}.Release|Any CPU.Build.0 = Release|Any CPU
	EndGlobalSection
	GlobalSection(SolutionProperties) = preSolution
		HideSolutionNode = FALSE
	EndGlobalSection
	GlobalSection(ExtensibilityGlobals) = postSolution
		SolutionGuid = {A5B19C13-6F2C-41F1-A4D1-9389FA0280C2}
	EndGlobalSection
EndGlobal
