
Microsoft Visual Studio Solution File, Format Version 12.00
# Visual Studio Version 16
VisualStudioVersion = 16.0.29926.136
MinimumVisualStudioVersion = 10.0.40219.1
Project("{FAE04EC0-301F-11D3-BF4B-00C04F79EFBC}") = "Questao10", "Questao10.csproj", "{DF0C2B3F-6CD8-490B-BA3F-D1BC24D05A2A}"
EndProject
Global
	GlobalSection(SolutionConfigurationPlatforms) = preSolution
		Debug|Any CPU = Debug|Any CPU
		Release|Any CPU = Release|Any CPU
	EndGlobalSection
	GlobalSection(ProjectConfigurationPlatforms) = postSolution
		{DF0C2B3F-6CD8-490B-BA3F-D1BC24D05A2A}.Debug|Any CPU.ActiveCfg = Debug|Any CPU
		{DF0C2B3F-6CD8-490B-BA3F-D1BC24D05A2A}.Debug|Any CPU.Build.0 = Debug|Any CPU
		{DF0C2B3F-6CD8-490B-BA3F-D1BC24D05A2A}.Release|Any CPU.ActiveCfg = Release|Any CPU
		{DF0C2B3F-6CD8-490B-BA3F-D1BC24D05A2A}.Release|Any CPU.Build.0 = Release|Any CPU
	EndGlobalSection
	GlobalSection(SolutionProperties) = preSolution
		HideSolutionNode = FALSE
	EndGlobalSection
	GlobalSection(ExtensibilityGlobals) = postSolution
		SolutionGuid = {EDC68D3F-8FA0-4D00-BFE7-FAF7483C8045}
	EndGlobalSection
EndGlobal
