
Microsoft Visual Studio Solution File, Format Version 12.00
# Visual Studio Version 16
VisualStudioVersion = 16.0.29806.167
MinimumVisualStudioVersion = 10.0.40219.1
Project("{FAE04EC0-301F-11D3-BF4B-00C04F79EFBC}") = "ProjetoLista1", "ProjetoLista1\ProjetoLista1.csproj", "{163687B7-6987-445B-B77D-6815498B8E65}"
EndProject
Global
	GlobalSection(SolutionConfigurationPlatforms) = preSolution
		Debug|Any CPU = Debug|Any CPU
		Release|Any CPU = Release|Any CPU
	EndGlobalSection
	GlobalSection(ProjectConfigurationPlatforms) = postSolution
		{163687B7-6987-445B-B77D-6815498B8E65}.Debug|Any CPU.ActiveCfg = Debug|Any CPU
		{163687B7-6987-445B-B77D-6815498B8E65}.Debug|Any CPU.Build.0 = Debug|Any CPU
		{163687B7-6987-445B-B77D-6815498B8E65}.Release|Any CPU.ActiveCfg = Release|Any CPU
		{163687B7-6987-445B-B77D-6815498B8E65}.Release|Any CPU.Build.0 = Release|Any CPU
	EndGlobalSection
	GlobalSection(SolutionProperties) = preSolution
		HideSolutionNode = FALSE
	EndGlobalSection
	GlobalSection(ExtensibilityGlobals) = postSolution
		SolutionGuid = {8CF25D79-190F-48D8-A3A3-986DF4E50235}
	EndGlobalSection
EndGlobal
