
Microsoft Visual Studio Solution File, Format Version 12.00
# Visual Studio Version 16
VisualStudioVersion = 16.0.29926.136
MinimumVisualStudioVersion = 10.0.40219.1
Project("{FAE04EC0-301F-11D3-BF4B-00C04F79EFBC}") = "Questao14", "Questao14.csproj", "{C2483FB8-E270-4CAE-A876-28F655E2FB7C}"
EndProject
Global
	GlobalSection(SolutionConfigurationPlatforms) = preSolution
		Debug|Any CPU = Debug|Any CPU
		Release|Any CPU = Release|Any CPU
	EndGlobalSection
	GlobalSection(ProjectConfigurationPlatforms) = postSolution
		{C2483FB8-E270-4CAE-A876-28F655E2FB7C}.Debug|Any CPU.ActiveCfg = Debug|Any CPU
		{C2483FB8-E270-4CAE-A876-28F655E2FB7C}.Debug|Any CPU.Build.0 = Debug|Any CPU
		{C2483FB8-E270-4CAE-A876-28F655E2FB7C}.Release|Any CPU.ActiveCfg = Release|Any CPU
		{C2483FB8-E270-4CAE-A876-28F655E2FB7C}.Release|Any CPU.Build.0 = Release|Any CPU
	EndGlobalSection
	GlobalSection(SolutionProperties) = preSolution
		HideSolutionNode = FALSE
	EndGlobalSection
	GlobalSection(ExtensibilityGlobals) = postSolution
		SolutionGuid = {00F5D7EF-6E40-4127-A151-E3734283A2A1}
	EndGlobalSection
EndGlobal
