
Microsoft Visual Studio Solution File, Format Version 12.00
# Visual Studio Version 16
VisualStudioVersion = 16.0.29926.136
MinimumVisualStudioVersion = 10.0.40219.1
Project("{FAE04EC0-301F-11D3-BF4B-00C04F79EFBC}") = "Questao1", "Questao1.csproj", "{F65F80D1-9960-4D48-892B-4B0A4CF05AE4}"
EndProject
Global
	GlobalSection(SolutionConfigurationPlatforms) = preSolution
		Debug|Any CPU = Debug|Any CPU
		Release|Any CPU = Release|Any CPU
	EndGlobalSection
	GlobalSection(ProjectConfigurationPlatforms) = postSolution
		{F65F80D1-9960-4D48-892B-4B0A4CF05AE4}.Debug|Any CPU.ActiveCfg = Debug|Any CPU
		{F65F80D1-9960-4D48-892B-4B0A4CF05AE4}.Debug|Any CPU.Build.0 = Debug|Any CPU
		{F65F80D1-9960-4D48-892B-4B0A4CF05AE4}.Release|Any CPU.ActiveCfg = Release|Any CPU
		{F65F80D1-9960-4D48-892B-4B0A4CF05AE4}.Release|Any CPU.Build.0 = Release|Any CPU
	EndGlobalSection
	GlobalSection(SolutionProperties) = preSolution
		HideSolutionNode = FALSE
	EndGlobalSection
	GlobalSection(ExtensibilityGlobals) = postSolution
		SolutionGuid = {4CAD84C0-C385-406E-BA29-1BE0D7828B9F}
	EndGlobalSection
EndGlobal
