
Microsoft Visual Studio Solution File, Format Version 12.00
# Visual Studio Version 16
VisualStudioVersion = 16.0.29926.136
MinimumVisualStudioVersion = 10.0.40219.1
Project("{FAE04EC0-301F-11D3-BF4B-00C04F79EFBC}") = "Questao7", "Questao7.csproj", "{0A0DFC1B-C211-4C5D-AAC5-49F120863BED}"
EndProject
Global
	GlobalSection(SolutionConfigurationPlatforms) = preSolution
		Debug|Any CPU = Debug|Any CPU
		Release|Any CPU = Release|Any CPU
	EndGlobalSection
	GlobalSection(ProjectConfigurationPlatforms) = postSolution
		{0A0DFC1B-C211-4C5D-AAC5-49F120863BED}.Debug|Any CPU.ActiveCfg = Debug|Any CPU
		{0A0DFC1B-C211-4C5D-AAC5-49F120863BED}.Debug|Any CPU.Build.0 = Debug|Any CPU
		{0A0DFC1B-C211-4C5D-AAC5-49F120863BED}.Release|Any CPU.ActiveCfg = Release|Any CPU
		{0A0DFC1B-C211-4C5D-AAC5-49F120863BED}.Release|Any CPU.Build.0 = Release|Any CPU
	EndGlobalSection
	GlobalSection(SolutionProperties) = preSolution
		HideSolutionNode = FALSE
	EndGlobalSection
	GlobalSection(ExtensibilityGlobals) = postSolution
		SolutionGuid = {D29FAC7B-0B16-4A33-9789-5F4883B4943F}
	EndGlobalSection
EndGlobal
